
Microsoft Visual Studio Solution File, Format Version 12.00
# Visual Studio 14
VisualStudioVersion = 14.0.25420.1
MinimumVisualStudioVersion = 10.0.40219.1
Project("{FAE04EC0-301F-11D3-BF4B-00C04F79EFBC}") = "DataGridViewLearning", "DataGridViewLearning.csproj", "{BFAE6241-E04D-4435-A303-A176FD43218D}"
EndProject
Global
	GlobalSection(SolutionConfigurationPlatforms) = preSolution
		Debug|Any CPU = Debug|Any CPU
		Release|Any CPU = Release|Any CPU
	EndGlobalSection
	GlobalSection(ProjectConfigurationPlatforms) = postSolution
		{BFAE6241-E04D-4435-A303-A176FD43218D}.Debug|Any CPU.ActiveCfg = Debug|Any CPU
		{BFAE6241-E04D-4435-A303-A176FD43218D}.Debug|Any CPU.Build.0 = Debug|Any CPU
		{BFAE6241-E04D-4435-A303-A176FD43218D}.Release|Any CPU.ActiveCfg = Release|Any CPU
		{BFAE6241-E04D-4435-A303-A176FD43218D}.Release|Any CPU.Build.0 = Release|Any CPU
	EndGlobalSection
	GlobalSection(SolutionProperties) = preSolution
		HideSolutionNode = FALSE
	EndGlobalSection
EndGlobal
